
Microsoft Visual Studio Solution File, Format Version 12.00
# Visual Studio 15
VisualStudioVersion = 15.0.27428.2002
MinimumVisualStudioVersion = 10.0.40219.1
Project("{FAE04EC0-301F-11D3-BF4B-00C04F79EFBC}") = "App1", "App1\App1.csproj", "{98A83FD3-83C3-49DD-8B10-1B0FF3D77778}"
EndProject
Global
	GlobalSection(SolutionConfigurationPlatforms) = preSolution
		Debug|ARM = Debug|ARM
		Debug|x64 = Debug|x64
		Debug|x86 = Debug|x86
		Release|ARM = Release|ARM
		Release|x64 = Release|x64
		Release|x86 = Release|x86
	EndGlobalSection
	GlobalSection(ProjectConfigurationPlatforms) = postSolution
		{98A83FD3-83C3-49DD-8B10-1B0FF3D77778}.Debug|ARM.ActiveCfg = Debug|ARM
		{98A83FD3-83C3-49DD-8B10-1B0FF3D77778}.Debug|ARM.Build.0 = Debug|ARM
		{98A83FD3-83C3-49DD-8B10-1B0FF3D77778}.Debug|ARM.Deploy.0 = Debug|ARM
		{98A83FD3-83C3-49DD-8B10-1B0FF3D77778}.Debug|x64.ActiveCfg = Debug|x64
		{98A83FD3-83C3-49DD-8B10-1B0FF3D77778}.Debug|x64.Build.0 = Debug|x64
		{98A83FD3-83C3-49DD-8B10-1B0FF3D77778}.Debug|x64.Deploy.0 = Debug|x64
		{98A83FD3-83C3-49DD-8B10-1B0FF3D77778}.Debug|x86.ActiveCfg = Debug|x86
		{98A83FD3-83C3-49DD-8B10-1B0FF3D77778}.Debug|x86.Build.0 = Debug|x86
		{98A83FD3-83C3-49DD-8B10-1B0FF3D77778}.Debug|x86.Deploy.0 = Debug|x86
		{98A83FD3-83C3-49DD-8B10-1B0FF3D77778}.Release|ARM.ActiveCfg = Release|ARM
		{98A83FD3-83C3-49DD-8B10-1B0FF3D77778}.Release|ARM.Build.0 = Release|ARM
		{98A83FD3-83C3-49DD-8B10-1B0FF3D77778}.Release|ARM.Deploy.0 = Release|ARM
		{98A83FD3-83C3-49DD-8B10-1B0FF3D77778}.Release|x64.ActiveCfg = Release|x64
		{98A83FD3-83C3-49DD-8B10-1B0FF3D77778}.Release|x64.Build.0 = Release|x64
		{98A83FD3-83C3-49DD-8B10-1B0FF3D77778}.Release|x64.Deploy.0 = Release|x64
		{98A83FD3-83C3-49DD-8B10-1B0FF3D77778}.Release|x86.ActiveCfg = Release|x86
		{98A83FD3-83C3-49DD-8B10-1B0FF3D77778}.Release|x86.Build.0 = Release|x86
		{98A83FD3-83C3-49DD-8B10-1B0FF3D77778}.Release|x86.Deploy.0 = Release|x86
	EndGlobalSection
	GlobalSection(SolutionProperties) = preSolution
		HideSolutionNode = FALSE
	EndGlobalSection
	GlobalSection(ExtensibilityGlobals) = postSolution
		SolutionGuid = {F12244C6-45B8-40D6-8CFA-C5E43422CA87}
	EndGlobalSection
EndGlobal
